
Microsoft Visual Studio Solution File, Format Version 12.00
# Visual Studio Version 16
VisualStudioVersion = 16.0.30104.148
MinimumVisualStudioVersion = 10.0.40219.1
Project("{FAE04EC0-301F-11D3-BF4B-00C04F79EFBC}") = "SeleniumCheckBoxDemo", "SeleniumCheckBoxDemo.csproj", "{0C28317A-64F6-4BE5-859F-124CF6780A27}"
EndProject
Global
	GlobalSection(SolutionConfigurationPlatforms) = preSolution
		Debug|Any CPU = Debug|Any CPU
		Release|Any CPU = Release|Any CPU
	EndGlobalSection
	GlobalSection(ProjectConfigurationPlatforms) = postSolution
		{0C28317A-64F6-4BE5-859F-124CF6780A27}.Debug|Any CPU.ActiveCfg = Debug|Any CPU
		{0C28317A-64F6-4BE5-859F-124CF6780A27}.Debug|Any CPU.Build.0 = Debug|Any CPU
		{0C28317A-64F6-4BE5-859F-124CF6780A27}.Release|Any CPU.ActiveCfg = Release|Any CPU
		{0C28317A-64F6-4BE5-859F-124CF6780A27}.Release|Any CPU.Build.0 = Release|Any CPU
	EndGlobalSection
	GlobalSection(SolutionProperties) = preSolution
		HideSolutionNode = FALSE
	EndGlobalSection
	GlobalSection(ExtensibilityGlobals) = postSolution
		SolutionGuid = {FA0F2976-595C-4E14-80EE-A0DFABDE1551}
	EndGlobalSection
EndGlobal
